Microsoft Visual Studio Solution File, Format Version 12.00
# Visual Studio Version 17
VisualStudioVersion = 17.5.2.0
MinimumVisualStudioVersion = 10.0.40219.1
Project("{FAE04EC0-301F-11D3-BF4B-00C04F79EFBC}") = "CampusAssistant", "CampusAssistant\CampusAssistant.csproj", "{AB60D674-68A1-77E7-49A2-C091476D4AE2}"
EndProject
Global
	GlobalSection(SolutionConfigurationPlatforms) = preSolution
		Debug|Any CPU = Debug|Any CPU
		Release|Any CPU = Release|Any CPU
	EndGlobalSection
	GlobalSection(ProjectConfigurationPlatforms) = postSolution
		{AB60D674-68A1-77E7-49A2-C091476D4AE2}.Debug|Any CPU.ActiveCfg = Debug|Any CPU
		{AB60D674-68A1-77E7-49A2-C091476D4AE2}.Debug|Any CPU.Build.0 = Debug|Any CPU
		{AB60D674-68A1-77E7-49A2-C091476D4AE2}.Release|Any CPU.ActiveCfg = Release|Any CPU
		{AB60D674-68A1-77E7-49A2-C091476D4AE2}.Release|Any CPU.Build.0 = Release|Any CPU
	EndGlobalSection
	GlobalSection(SolutionProperties) = preSolution
		HideSolutionNode = FALSE
	EndGlobalSection
	GlobalSection(ExtensibilityGlobals) = postSolution
		SolutionGuid = {C388EB74-258F-4581-802F-8120DF2938E2}
	EndGlobalSection
EndGlobal
